<?xml version="1.0" encoding="utf-8"?>
<Project ToolsVersion="15.0" xmlns="http://schemas.microsoft.com/developer/msbuild/2003">
  <ItemGroup>
    <ClCompile Include="C:\Development\GitHub\assimp\code\Assimp.cpp">
      <Filter>Source Files</Filter>
    </ClCompile>
    <ClCompile Include="C:\Development\GitHub\assimp\code\BaseImporter.cpp">
      <Filter>Common</Filter>
    </ClCompile>
    <ClCompile Include="C:\Development\GitHub\assimp\code\BaseProcess.cpp">
      <Filter>Common</Filter>
    </ClCompile>
    <ClCompile Include="C:\Development\GitHub\assimp\code\PostStepRegistry.cpp">
      <Filter>Common</Filter>
    </ClCompile>
    <ClCompile Include="C:\Development\GitHub\assimp\code\ImporterRegistry.cpp">
      <Filter>Common</Filter>
    </ClCompile>
    <ClCompile Include="C:\Development\GitHub\assimp\code\DefaultIOStream.cpp">
      <Filter>Common</Filter>
    </ClCompile>
    <ClCompile Include="C:\Development\GitHub\assimp\code\DefaultIOSystem.cpp">
      <Filter>Common</Filter>
    </ClCompile>
    <ClCompile Include="C:\Development\GitHub\assimp\code\CInterfaceIOWrapper.cpp">
      <Filter>Common</Filter>
    </ClCompile>
    <ClCompile Include="C:\Development\GitHub\assimp\code\Importer.cpp">
      <Filter>Common</Filter>
    </ClCompile>
    <ClCompile Include="C:\Development\GitHub\assimp\code\SGSpatialSort.cpp">
      <Filter>Common</Filter>
    </ClCompile>
    <ClCompile Include="C:\Development\GitHub\assimp\code\VertexTriangleAdjacency.cpp">
      <Filter>Common</Filter>
    </ClCompile>
    <ClCompile Include="C:\Development\GitHub\assimp\code\SpatialSort.cpp">
      <Filter>Common</Filter>
    </ClCompile>
    <ClCompile Include="C:\Development\GitHub\assimp\code\SceneCombiner.cpp">
      <Filter>Common</Filter>
    </ClCompile>
    <ClCompile Include="C:\Development\GitHub\assimp\code\ScenePreprocessor.cpp">
      <Filter>Common</Filter>
    </ClCompile>
    <ClCompile Include="C:\Development\GitHub\assimp\code\SkeletonMeshBuilder.cpp">
      <Filter>Common</Filter>
    </ClCompile>
    <ClCompile Include="C:\Development\GitHub\assimp\code\SplitByBoneCountProcess.cpp">
      <Filter>Common</Filter>
    </ClCompile>
    <ClCompile Include="C:\Development\GitHub\assimp\code\ScaleProcess.cpp">
      <Filter>Common</Filter>
    </ClCompile>
    <ClCompile Include="C:\Development\GitHub\assimp\code\StandardShapes.cpp">
      <Filter>Common</Filter>
    </ClCompile>
    <ClCompile Include="C:\Development\GitHub\assimp\code\TargetAnimation.cpp">
      <Filter>Common</Filter>
    </ClCompile>
    <ClCompile Include="C:\Development\GitHub\assimp\code\RemoveComments.cpp">
      <Filter>Common</Filter>
    </ClCompile>
    <ClCompile Include="C:\Development\GitHub\assimp\code\Subdivision.cpp">
      <Filter>Common</Filter>
    </ClCompile>
    <ClCompile Include="C:\Development\GitHub\assimp\code\scene.cpp">
      <Filter>Common</Filter>
    </ClCompile>
    <ClCompile Include="C:\Development\GitHub\assimp\code\Bitmap.cpp">
      <Filter>Common</Filter>
    </ClCompile>
    <ClCompile Include="C:\Development\GitHub\assimp\code\Version.cpp">
      <Filter>Common</Filter>
    </ClCompile>
    <ClCompile Include="C:\Development\GitHub\assimp\code\CreateAnimMesh.cpp">
      <Filter>Common</Filter>
    </ClCompile>
    <ClCompile Include="C:\Development\GitHub\assimp\code\DefaultLogger.cpp">
      <Filter>Logging</Filter>
    </ClCompile>
    <ClCompile Include="C:\Development\GitHub\assimp\code\Exporter.cpp">
      <Filter>Exporter</Filter>
    </ClCompile>
    <ClCompile Include="C:\Development\GitHub\assimp\code\AssimpCExport.cpp">
      <Filter>Exporter</Filter>
    </ClCompile>
    <ClCompile Include="C:\Development\GitHub\assimp\code\CalcTangentsProcess.cpp">
      <Filter>PostProcessing</Filter>
    </ClCompile>
    <ClCompile Include="C:\Development\GitHub\assimp\code\ComputeUVMappingProcess.cpp">
      <Filter>PostProcessing</Filter>
    </ClCompile>
    <ClCompile Include="C:\Development\GitHub\assimp\code\ConvertToLHProcess.cpp">
      <Filter>PostProcessing</Filter>
    </ClCompile>
    <ClCompile Include="C:\Development\GitHub\assimp\code\EmbedTexturesProcess.cpp">
      <Filter>PostProcessing</Filter>
    </ClCompile>
    <ClCompile Include="C:\Development\GitHub\assimp\code\FindDegenerates.cpp">
      <Filter>PostProcessing</Filter>
    </ClCompile>
    <ClCompile Include="C:\Development\GitHub\assimp\code\FindInstancesProcess.cpp">
      <Filter>PostProcessing</Filter>
    </ClCompile>
    <ClCompile Include="C:\Development\GitHub\assimp\code\FindInvalidDataProcess.cpp">
      <Filter>PostProcessing</Filter>
    </ClCompile>
    <ClCompile Include="C:\Development\GitHub\assimp\code\FixNormalsStep.cpp">
      <Filter>PostProcessing</Filter>
    </ClCompile>
    <ClCompile Include="C:\Development\GitHub\assimp\code\GenFaceNormalsProcess.cpp">
      <Filter>PostProcessing</Filter>
    </ClCompile>
    <ClCompile Include="C:\Development\GitHub\assimp\code\GenVertexNormalsProcess.cpp">
      <Filter>PostProcessing</Filter>
    </ClCompile>
    <ClCompile Include="C:\Development\GitHub\assimp\code\PretransformVertices.cpp">
      <Filter>PostProcessing</Filter>
    </ClCompile>
    <ClCompile Include="C:\Development\GitHub\assimp\code\ImproveCacheLocality.cpp">
      <Filter>PostProcessing</Filter>
    </ClCompile>
    <ClCompile Include="C:\Development\GitHub\assimp\code\JoinVerticesProcess.cpp">
      <Filter>PostProcessing</Filter>
    </ClCompile>
    <ClCompile Include="C:\Development\GitHub\assimp\code\LimitBoneWeightsProcess.cpp">
      <Filter>PostProcessing</Filter>
    </ClCompile>
    <ClCompile Include="C:\Development\GitHub\assimp\code\RemoveRedundantMaterials.cpp">
      <Filter>PostProcessing</Filter>
    </ClCompile>
    <ClCompile Include="C:\Development\GitHub\assimp\code\RemoveVCProcess.cpp">
      <Filter>PostProcessing</Filter>
    </ClCompile>
    <ClCompile Include="C:\Development\GitHub\assimp\code\SortByPTypeProcess.cpp">
      <Filter>PostProcessing</Filter>
    </ClCompile>
    <ClCompile Include="C:\Development\GitHub\assimp\code\SplitLargeMeshes.cpp">
      <Filter>PostProcessing</Filter>
    </ClCompile>
    <ClCompile Include="C:\Development\GitHub\assimp\code\TextureTransform.cpp">
      <Filter>PostProcessing</Filter>
    </ClCompile>
    <ClCompile Include="C:\Development\GitHub\assimp\code\TriangulateProcess.cpp">
      <Filter>PostProcessing</Filter>
    </ClCompile>
    <ClCompile Include="C:\Development\GitHub\assimp\code\ValidateDataStructure.cpp">
      <Filter>PostProcessing</Filter>
    </ClCompile>
    <ClCompile Include="C:\Development\GitHub\assimp\code\OptimizeGraph.cpp">
      <Filter>PostProcessing</Filter>
    </ClCompile>
    <ClCompile Include="C:\Development\GitHub\assimp\code\OptimizeMeshes.cpp">
      <Filter>PostProcessing</Filter>
    </ClCompile>
    <ClCompile Include="C:\Development\GitHub\assimp\code\DeboneProcess.cpp">
      <Filter>PostProcessing</Filter>
    </ClCompile>
    <ClCompile Include="C:\Development\GitHub\assimp\code\ProcessHelper.cpp">
      <Filter>PostProcessing</Filter>
    </ClCompile>
    <ClCompile Include="C:\Development\GitHub\assimp\code\MakeVerboseFormat.cpp">
      <Filter>PostProcessing</Filter>
    </ClCompile>
    <ClCompile Include="C:\Development\GitHub\assimp\code\MaterialSystem.cpp">
      <Filter>MaterialSystem</Filter>
    </ClCompile>
    <ClCompile Include="C:\Development\GitHub\assimp\code\StepExporter.cpp">
      <Filter>Step</Filter>
    </ClCompile>
    <ClCompile Include="C:\Development\GitHub\assimp\code\ColladaLoader.cpp">
      <Filter>COLLADA</Filter>
    </ClCompile>
    <ClCompile Include="C:\Development\GitHub\assimp\code\ColladaParser.cpp">
      <Filter>COLLADA</Filter>
    </ClCompile>
    <ClCompile Include="C:\Development\GitHub\assimp\code\ColladaExporter.cpp">
      <Filter>COLLADA</Filter>
    </ClCompile>
    <ClCompile Include="C:\Development\GitHub\assimp\code\ObjFileImporter.cpp">
      <Filter>OBJ</Filter>
    </ClCompile>
    <ClCompile Include="C:\Development\GitHub\assimp\code\ObjFileMtlImporter.cpp">
      <Filter>OBJ</Filter>
    </ClCompile>
    <ClCompile Include="C:\Development\GitHub\assimp\code\ObjFileParser.cpp">
      <Filter>OBJ</Filter>
    </ClCompile>
    <ClCompile Include="C:\Development\GitHub\assimp\code\ObjExporter.cpp">
      <Filter>OBJ</Filter>
    </ClCompile>
    <ClCompile Include="C:\Development\GitHub\assimp\code\PlyLoader.cpp">
      <Filter>PLY</Filter>
    </ClCompile>
    <ClCompile Include="C:\Development\GitHub\assimp\code\PlyParser.cpp">
      <Filter>PLY</Filter>
    </ClCompile>
    <ClCompile Include="C:\Development\GitHub\assimp\code\PlyExporter.cpp">
      <Filter>PLY</Filter>
    </ClCompile>
    <ClCompile Include="C:\Development\GitHub\assimp\code\FBXImporter.cpp">
      <Filter>FBX</Filter>
    </ClCompile>
    <ClCompile Include="C:\Development\GitHub\assimp\code\FBXParser.cpp">
      <Filter>FBX</Filter>
    </ClCompile>
    <ClCompile Include="C:\Development\GitHub\assimp\code\FBXTokenizer.cpp">
      <Filter>FBX</Filter>
    </ClCompile>
    <ClCompile Include="C:\Development\GitHub\assimp\code\FBXConverter.cpp">
      <Filter>FBX</Filter>
    </ClCompile>
    <ClCompile Include="C:\Development\GitHub\assimp\code\FBXUtil.cpp">
      <Filter>FBX</Filter>
    </ClCompile>
    <ClCompile Include="C:\Development\GitHub\assimp\code\FBXDocument.cpp">
      <Filter>FBX</Filter>
    </ClCompile>
    <ClCompile Include="C:\Development\GitHub\assimp\code\FBXProperties.cpp">
      <Filter>FBX</Filter>
    </ClCompile>
    <ClCompile Include="C:\Development\GitHub\assimp\code\FBXMeshGeometry.cpp">
      <Filter>FBX</Filter>
    </ClCompile>
    <ClCompile Include="C:\Development\GitHub\assimp\code\FBXMaterial.cpp">
      <Filter>FBX</Filter>
    </ClCompile>
    <ClCompile Include="C:\Development\GitHub\assimp\code\FBXModel.cpp">
      <Filter>FBX</Filter>
    </ClCompile>
    <ClCompile Include="C:\Development\GitHub\assimp\code\FBXAnimation.cpp">
      <Filter>FBX</Filter>
    </ClCompile>
    <ClCompile Include="C:\Development\GitHub\assimp\code\FBXNodeAttribute.cpp">
      <Filter>FBX</Filter>
    </ClCompile>
    <ClCompile Include="C:\Development\GitHub\assimp\code\FBXDeformer.cpp">
      <Filter>FBX</Filter>
    </ClCompile>
    <ClCompile Include="C:\Development\GitHub\assimp\code\FBXBinaryTokenizer.cpp">
      <Filter>FBX</Filter>
    </ClCompile>
    <ClCompile Include="C:\Development\GitHub\assimp\code\FBXDocumentUtil.cpp">
      <Filter>FBX</Filter>
    </ClCompile>
    <ClCompile Include="C:\Development\GitHub\assimp\code\FBXExporter.cpp">
      <Filter>FBX</Filter>
    </ClCompile>
    <ClCompile Include="C:\Development\GitHub\assimp\code\FBXExportNode.cpp">
      <Filter>FBX</Filter>
    </ClCompile>
    <ClCompile Include="C:\Development\GitHub\assimp\code\FBXExportProperty.cpp">
      <Filter>FBX</Filter>
    </ClCompile>
    <ClCompile Include="C:\Development\GitHub\assimp\code\glTFImporter.cpp">
      <Filter>GLTF</Filter>
    </ClCompile>
    <ClCompile Include="C:\Development\GitHub\assimp\code\glTFExporter.cpp">
      <Filter>GLTF</Filter>
    </ClCompile>
    <ClCompile Include="C:\Development\GitHub\assimp\code\glTF2Importer.cpp">
      <Filter>GLTF</Filter>
    </ClCompile>
    <ClCompile Include="C:\Development\GitHub\assimp\code\glTF2Exporter.cpp">
      <Filter>GLTF</Filter>
    </ClCompile>
    <ClCompile Include="C:\Development\GitHub\assimp\contrib\unzip\ioapi.c">
      <Filter>unzip</Filter>
    </ClCompile>
    <ClCompile Include="C:\Development\GitHub\assimp\contrib\unzip\unzip.c">
      <Filter>unzip</Filter>
    </ClCompile>
    <ClCompile Include="C:\Development\GitHub\assimp\contrib\poly2tri\poly2tri\common\shapes.cc">
      <Filter>Poly2Tri</Filter>
    </ClCompile>
    <ClCompile Include="C:\Development\GitHub\assimp\contrib\poly2tri\poly2tri\sweep\advancing_front.cc">
      <Filter>Poly2Tri</Filter>
    </ClCompile>
    <ClCompile Include="C:\Development\GitHub\assimp\contrib\poly2tri\poly2tri\sweep\cdt.cc">
      <Filter>Poly2Tri</Filter>
    </ClCompile>
    <ClCompile Include="C:\Development\GitHub\assimp\contrib\poly2tri\poly2tri\sweep\sweep.cc">
      <Filter>Poly2Tri</Filter>
    </ClCompile>
    <ClCompile Include="C:\Development\GitHub\assimp\contrib\poly2tri\poly2tri\sweep\sweep_context.cc">
      <Filter>Poly2Tri</Filter>
    </ClCompile>
    <ClCompile Include="C:\Development\GitHub\assimp\contrib\clipper\clipper.cpp">
      <Filter>Clipper</Filter>
    </ClCompile>
    <ClCompile Include="C:\Development\GitHub\assimp\contrib\openddlparser\code\OpenDDLParser.cpp">
      <Filter>openddl_parser</Filter>
    </ClCompile>
    <ClCompile Include="C:\Development\GitHub\assimp\contrib\openddlparser\code\DDLNode.cpp">
      <Filter>openddl_parser</Filter>
    </ClCompile>
    <ClCompile Include="C:\Development\GitHub\assimp\contrib\openddlparser\code\OpenDDLCommon.cpp">
      <Filter>openddl_parser</Filter>
    </ClCompile>
    <ClCompile Include="C:\Development\GitHub\assimp\contrib\openddlparser\code\OpenDDLExport.cpp">
      <Filter>openddl_parser</Filter>
    </ClCompile>
    <ClCompile Include="C:\Development\GitHub\assimp\contrib\openddlparser\code\Value.cpp">
      <Filter>openddl_parser</Filter>
    </ClCompile>
    <ClCompile Include="C:\Development\GitHub\assimp\contrib\openddlparser\code\OpenDDLStream.cpp">
      <Filter>openddl_parser</Filter>
    </ClCompile>
    <ClCompile Include="C:\Development\GitHub\assimp\contrib\Open3DGC\o3dgcArithmeticCodec.cpp">
      <Filter>open3dgc</Filter>
    </ClCompile>
    <ClCompile Include="C:\Development\GitHub\assimp\contrib\Open3DGC\o3dgcDynamicVectorDecoder.cpp">
      <Filter>open3dgc</Filter>
    </ClCompile>
    <ClCompile Include="C:\Development\GitHub\assimp\contrib\Open3DGC\o3dgcDynamicVectorEncoder.cpp">
      <Filter>open3dgc</Filter>
    </ClCompile>
    <ClCompile Include="C:\Development\GitHub\assimp\contrib\Open3DGC\o3dgcTools.cpp">
      <Filter>open3dgc</Filter>
    </ClCompile>
    <ClCompile Include="C:\Development\GitHub\assimp\contrib\Open3DGC\o3dgcTriangleFans.cpp">
      <Filter>open3dgc</Filter>
    </ClCompile>
    <ClCompile Include="C:\Development\GitHub\assimp\contrib\zip\src\zip.c">
      <Filter>ziplib</Filter>
    </ClCompile>
  </ItemGroup>
  <ItemGroup>
    <ClInclude Include="C:\Development\GitHub\assimp\code\BaseProcess.h">
      <Filter>Common</Filter>
    </ClInclude>
    <ClInclude Include="C:\Development\GitHub\assimp\code\Importer.h">
      <Filter>Common</Filter>
    </ClInclude>
    <ClInclude Include="C:\Development\GitHub\assimp\code\ScenePrivate.h">
      <Filter>Common</Filter>
    </ClInclude>
    <ClInclude Include="C:\Development\GitHub\assimp\code\DefaultProgressHandler.h">
      <Filter>Common</Filter>
    </ClInclude>
    <ClInclude Include="C:\Development\GitHub\assimp\code\CInterfaceIOWrapper.h">
      <Filter>Common</Filter>
    </ClInclude>
    <ClInclude Include="C:\Development\GitHub\assimp\code\IFF.h">
      <Filter>Common</Filter>
    </ClInclude>
    <ClInclude Include="C:\Development\GitHub\assimp\code\VertexTriangleAdjacency.h">
      <Filter>Common</Filter>
    </ClInclude>
    <ClInclude Include="C:\Development\GitHub\assimp\code\ScenePreprocessor.h">
      <Filter>Common</Filter>
    </ClInclude>
    <ClInclude Include="C:\Development\GitHub\assimp\code\SplitByBoneCountProcess.h">
      <Filter>Common</Filter>
    </ClInclude>
    <ClInclude Include="C:\Development\GitHub\assimp\code\ScaleProcess.h">
      <Filter>Common</Filter>
    </ClInclude>
    <ClInclude Include="C:\Development\GitHub\assimp\code\TargetAnimation.h">
      <Filter>Common</Filter>
    </ClInclude>
    <ClInclude Include="C:\Development\GitHub\assimp\include\assimp\DefaultLogger.hpp">
      <Filter>Logging</Filter>
    </ClInclude>
    <ClInclude Include="C:\Development\GitHub\assimp\include\assimp\LogStream.hpp">
      <Filter>Logging</Filter>
    </ClInclude>
    <ClInclude Include="C:\Development\GitHub\assimp\include\assimp\Logger.hpp">
      <Filter>Logging</Filter>
    </ClInclude>
    <ClInclude Include="C:\Development\GitHub\assimp\include\assimp\NullLogger.hpp">
      <Filter>Logging</Filter>
    </ClInclude>
    <ClInclude Include="C:\Development\GitHub\assimp\code\Win32DebugLogStream.h">
      <Filter>Logging</Filter>
    </ClInclude>
    <ClInclude Include="C:\Development\GitHub\assimp\code\FileLogStream.h">
      <Filter>Logging</Filter>
    </ClInclude>
    <ClInclude Include="C:\Development\GitHub\assimp\code\StdOStreamLogStream.h">
      <Filter>Logging</Filter>
    </ClInclude>
    <ClInclude Include="C:\Development\GitHub\assimp\include\assimp\BlobIOSystem.h">
      <Filter>Exporter</Filter>
    </ClInclude>
    <ClInclude Include="C:\Development\GitHub\assimp\code\CalcTangentsProcess.h">
      <Filter>PostProcessing</Filter>
    </ClInclude>
    <ClInclude Include="C:\Development\GitHub\assimp\code\ComputeUVMappingProcess.h">
      <Filter>PostProcessing</Filter>
    </ClInclude>
    <ClInclude Include="C:\Development\GitHub\assimp\code\ConvertToLHProcess.h">
      <Filter>PostProcessing</Filter>
    </ClInclude>
    <ClInclude Include="C:\Development\GitHub\assimp\code\EmbedTexturesProcess.h">
      <Filter>PostProcessing</Filter>
    </ClInclude>
    <ClInclude Include="C:\Development\GitHub\assimp\code\FindDegenerates.h">
      <Filter>PostProcessing</Filter>
    </ClInclude>
    <ClInclude Include="C:\Development\GitHub\assimp\code\FindInstancesProcess.h">
      <Filter>PostProcessing</Filter>
    </ClInclude>
    <ClInclude Include="C:\Development\GitHub\assimp\code\FindInvalidDataProcess.h">
      <Filter>PostProcessing</Filter>
    </ClInclude>
    <ClInclude Include="C:\Development\GitHub\assimp\code\FixNormalsStep.h">
      <Filter>PostProcessing</Filter>
    </ClInclude>
    <ClInclude Include="C:\Development\GitHub\assimp\code\GenFaceNormalsProcess.h">
      <Filter>PostProcessing</Filter>
    </ClInclude>
    <ClInclude Include="C:\Development\GitHub\assimp\code\GenVertexNormalsProcess.h">
      <Filter>PostProcessing</Filter>
    </ClInclude>
    <ClInclude Include="C:\Development\GitHub\assimp\code\PretransformVertices.h">
      <Filter>PostProcessing</Filter>
    </ClInclude>
    <ClInclude Include="C:\Development\GitHub\assimp\code\ImproveCacheLocality.h">
      <Filter>PostProcessing</Filter>
    </ClInclude>
    <ClInclude Include="C:\Development\GitHub\assimp\code\JoinVerticesProcess.h">
      <Filter>PostProcessing</Filter>
    </ClInclude>
    <ClInclude Include="C:\Development\GitHub\assimp\code\LimitBoneWeightsProcess.h">
      <Filter>PostProcessing</Filter>
    </ClInclude>
    <ClInclude Include="C:\Development\GitHub\assimp\code\RemoveRedundantMaterials.h">
      <Filter>PostProcessing</Filter>
    </ClInclude>
    <ClInclude Include="C:\Development\GitHub\assimp\code\RemoveVCProcess.h">
      <Filter>PostProcessing</Filter>
    </ClInclude>
    <ClInclude Include="C:\Development\GitHub\assimp\code\SortByPTypeProcess.h">
      <Filter>PostProcessing</Filter>
    </ClInclude>
    <ClInclude Include="C:\Development\GitHub\assimp\code\SplitLargeMeshes.h">
      <Filter>PostProcessing</Filter>
    </ClInclude>
    <ClInclude Include="C:\Development\GitHub\assimp\code\TextureTransform.h">
      <Filter>PostProcessing</Filter>
    </ClInclude>
    <ClInclude Include="C:\Development\GitHub\assimp\code\TriangulateProcess.h">
      <Filter>PostProcessing</Filter>
    </ClInclude>
    <ClInclude Include="C:\Development\GitHub\assimp\code\ValidateDataStructure.h">
      <Filter>PostProcessing</Filter>
    </ClInclude>
    <ClInclude Include="C:\Development\GitHub\assimp\code\OptimizeGraph.h">
      <Filter>PostProcessing</Filter>
    </ClInclude>
    <ClInclude Include="C:\Development\GitHub\assimp\code\OptimizeMeshes.h">
      <Filter>PostProcessing</Filter>
    </ClInclude>
    <ClInclude Include="C:\Development\GitHub\assimp\code\DeboneProcess.h">
      <Filter>PostProcessing</Filter>
    </ClInclude>
    <ClInclude Include="C:\Development\GitHub\assimp\code\ProcessHelper.h">
      <Filter>PostProcessing</Filter>
    </ClInclude>
    <ClInclude Include="C:\Development\GitHub\assimp\code\PolyTools.h">
      <Filter>PostProcessing</Filter>
    </ClInclude>
    <ClInclude Include="C:\Development\GitHub\assimp\code\MakeVerboseFormat.h">
      <Filter>PostProcessing</Filter>
    </ClInclude>
    <ClInclude Include="C:\Development\GitHub\assimp\code\MaterialSystem.h">
      <Filter>MaterialSystem</Filter>
    </ClInclude>
    <ClInclude Include="C:\Development\GitHub\assimp\code\STEPFile.h">
      <Filter>Step</Filter>
    </ClInclude>
    <ClInclude Include="C:\Development\GitHub\assimp\code\StepExporter.h">
      <Filter>Step</Filter>
    </ClInclude>
    <ClInclude Include="C:\Development\GitHub\assimp\code\ColladaHelper.h">
      <Filter>COLLADA</Filter>
    </ClInclude>
    <ClInclude Include="C:\Development\GitHub\assimp\code\ColladaLoader.h">
      <Filter>COLLADA</Filter>
    </ClInclude>
    <ClInclude Include="C:\Development\GitHub\assimp\code\ColladaParser.h">
      <Filter>COLLADA</Filter>
    </ClInclude>
    <ClInclude Include="C:\Development\GitHub\assimp\code\ColladaExporter.h">
      <Filter>COLLADA</Filter>
    </ClInclude>
    <ClInclude Include="C:\Development\GitHub\assimp\code\ObjFileData.h">
      <Filter>OBJ</Filter>
    </ClInclude>
    <ClInclude Include="C:\Development\GitHub\assimp\code\ObjFileImporter.h">
      <Filter>OBJ</Filter>
    </ClInclude>
    <ClInclude Include="C:\Development\GitHub\assimp\code\ObjFileMtlImporter.h">
      <Filter>OBJ</Filter>
    </ClInclude>
    <ClInclude Include="C:\Development\GitHub\assimp\code\ObjFileParser.h">
      <Filter>OBJ</Filter>
    </ClInclude>
    <ClInclude Include="C:\Development\GitHub\assimp\code\ObjTools.h">
      <Filter>OBJ</Filter>
    </ClInclude>
    <ClInclude Include="C:\Development\GitHub\assimp\code\ObjExporter.h">
      <Filter>OBJ</Filter>
    </ClInclude>
    <ClInclude Include="C:\Development\GitHub\assimp\code\PlyLoader.h">
      <Filter>PLY</Filter>
    </ClInclude>
    <ClInclude Include="C:\Development\GitHub\assimp\code\PlyParser.h">
      <Filter>PLY</Filter>
    </ClInclude>
    <ClInclude Include="C:\Development\GitHub\assimp\code\PlyExporter.h">
      <Filter>PLY</Filter>
    </ClInclude>
    <ClInclude Include="C:\Development\GitHub\assimp\code\FBXCompileConfig.h">
      <Filter>FBX</Filter>
    </ClInclude>
    <ClInclude Include="C:\Development\GitHub\assimp\code\FBXImporter.h">
      <Filter>FBX</Filter>
    </ClInclude>
    <ClInclude Include="C:\Development\GitHub\assimp\code\FBXParser.h">
      <Filter>FBX</Filter>
    </ClInclude>
    <ClInclude Include="C:\Development\GitHub\assimp\code\FBXTokenizer.h">
      <Filter>FBX</Filter>
    </ClInclude>
    <ClInclude Include="C:\Development\GitHub\assimp\code\FBXImportSettings.h">
      <Filter>FBX</Filter>
    </ClInclude>
    <ClInclude Include="C:\Development\GitHub\assimp\code\FBXConverter.h">
      <Filter>FBX</Filter>
    </ClInclude>
    <ClInclude Include="C:\Development\GitHub\assimp\code\FBXUtil.h">
      <Filter>FBX</Filter>
    </ClInclude>
    <ClInclude Include="C:\Development\GitHub\assimp\code\FBXDocument.h">
      <Filter>FBX</Filter>
    </ClInclude>
    <ClInclude Include="C:\Development\GitHub\assimp\code\FBXProperties.h">
      <Filter>FBX</Filter>
    </ClInclude>
    <ClInclude Include="C:\Development\GitHub\assimp\code\FBXMeshGeometry.h">
      <Filter>FBX</Filter>
    </ClInclude>
    <ClInclude Include="C:\Development\GitHub\assimp\code\FBXExporter.h">
      <Filter>FBX</Filter>
    </ClInclude>
    <ClInclude Include="C:\Development\GitHub\assimp\code\FBXExportNode.h">
      <Filter>FBX</Filter>
    </ClInclude>
    <ClInclude Include="C:\Development\GitHub\assimp\code\FBXExportProperty.h">
      <Filter>FBX</Filter>
    </ClInclude>
    <ClInclude Include="C:\Development\GitHub\assimp\code\FBXCommon.h">
      <Filter>FBX</Filter>
    </ClInclude>
    <ClInclude Include="C:\Development\GitHub\assimp\code\glTFAsset.h">
      <Filter>GLTF</Filter>
    </ClInclude>
    <ClInclude Include="C:\Development\GitHub\assimp\code\glTFAsset.inl">
      <Filter>GLTF</Filter>
    </ClInclude>
    <ClInclude Include="C:\Development\GitHub\assimp\code\glTFAssetWriter.h">
      <Filter>GLTF</Filter>
    </ClInclude>
    <ClInclude Include="C:\Development\GitHub\assimp\code\glTFAssetWriter.inl">
      <Filter>GLTF</Filter>
    </ClInclude>
    <ClInclude Include="C:\Development\GitHub\assimp\code\glTFImporter.h">
      <Filter>GLTF</Filter>
    </ClInclude>
    <ClInclude Include="C:\Development\GitHub\assimp\code\glTFExporter.h">
      <Filter>GLTF</Filter>
    </ClInclude>
    <ClInclude Include="C:\Development\GitHub\assimp\code\glTF2Asset.h">
      <Filter>GLTF</Filter>
    </ClInclude>
    <ClInclude Include="C:\Development\GitHub\assimp\code\glTF2Asset.inl">
      <Filter>GLTF</Filter>
    </ClInclude>
    <ClInclude Include="C:\Development\GitHub\assimp\code\glTF2AssetWriter.h">
      <Filter>GLTF</Filter>
    </ClInclude>
    <ClInclude Include="C:\Development\GitHub\assimp\code\glTF2AssetWriter.inl">
      <Filter>GLTF</Filter>
    </ClInclude>
    <ClInclude Include="C:\Development\GitHub\assimp\code\glTF2Importer.h">
      <Filter>GLTF</Filter>
    </ClInclude>
    <ClInclude Include="C:\Development\GitHub\assimp\code\glTF2Exporter.h">
      <Filter>GLTF</Filter>
    </ClInclude>
    <ClInclude Include="C:\Development\GitHub\assimp\include\assimp\irrXMLWrapper.h">
      <Filter>IrrXML</Filter>
    </ClInclude>
    <ClInclude Include="C:\Development\GitHub\assimp\contrib\unzip\crypt.h">
      <Filter>unzip</Filter>
    </ClInclude>
    <ClInclude Include="C:\Development\GitHub\assimp\contrib\unzip\ioapi.h">
      <Filter>unzip</Filter>
    </ClInclude>
    <ClInclude Include="C:\Development\GitHub\assimp\contrib\unzip\unzip.h">
      <Filter>unzip</Filter>
    </ClInclude>
    <ClInclude Include="C:\Development\GitHub\assimp\contrib\poly2tri\poly2tri\common\shapes.h">
      <Filter>Poly2Tri</Filter>
    </ClInclude>
    <ClInclude Include="C:\Development\GitHub\assimp\contrib\poly2tri\poly2tri\common\utils.h">
      <Filter>Poly2Tri</Filter>
    </ClInclude>
    <ClInclude Include="C:\Development\GitHub\assimp\contrib\poly2tri\poly2tri\sweep\advancing_front.h">
      <Filter>Poly2Tri</Filter>
    </ClInclude>
    <ClInclude Include="C:\Development\GitHub\assimp\contrib\poly2tri\poly2tri\sweep\cdt.h">
      <Filter>Poly2Tri</Filter>
    </ClInclude>
    <ClInclude Include="C:\Development\GitHub\assimp\contrib\poly2tri\poly2tri\sweep\sweep.h">
      <Filter>Poly2Tri</Filter>
    </ClInclude>
    <ClInclude Include="C:\Development\GitHub\assimp\contrib\poly2tri\poly2tri\sweep\sweep_context.h">
      <Filter>Poly2Tri</Filter>
    </ClInclude>
    <ClInclude Include="C:\Development\GitHub\assimp\contrib\clipper\clipper.hpp">
      <Filter>Clipper</Filter>
    </ClInclude>
    <ClInclude Include="C:\Development\GitHub\assimp\contrib\openddlparser\include\openddlparser\OpenDDLParser.h">
      <Filter>openddl_parser</Filter>
    </ClInclude>
    <ClInclude Include="C:\Development\GitHub\assimp\contrib\openddlparser\include\openddlparser\OpenDDLParserUtils.h">
      <Filter>openddl_parser</Filter>
    </ClInclude>
    <ClInclude Include="C:\Development\GitHub\assimp\contrib\openddlparser\include\openddlparser\OpenDDLCommon.h">
      <Filter>openddl_parser</Filter>
    </ClInclude>
    <ClInclude Include="C:\Development\GitHub\assimp\contrib\openddlparser\include\openddlparser\OpenDDLExport.h">
      <Filter>openddl_parser</Filter>
    </ClInclude>
    <ClInclude Include="C:\Development\GitHub\assimp\contrib\openddlparser\include\openddlparser\OpenDDLStream.h">
      <Filter>openddl_parser</Filter>
    </ClInclude>
    <ClInclude Include="C:\Development\GitHub\assimp\contrib\openddlparser\include\openddlparser\DDLNode.h">
      <Filter>openddl_parser</Filter>
    </ClInclude>
    <ClInclude Include="C:\Development\GitHub\assimp\contrib\openddlparser\include\openddlparser\Value.h">
      <Filter>openddl_parser</Filter>
    </ClInclude>
    <ClInclude Include="C:\Development\GitHub\assimp\contrib\Open3DGC\o3dgcAdjacencyInfo.h">
      <Filter>open3dgc</Filter>
    </ClInclude>
    <ClInclude Include="C:\Development\GitHub\assimp\contrib\Open3DGC\o3dgcArithmeticCodec.h">
      <Filter>open3dgc</Filter>
    </ClInclude>
    <ClInclude Include="C:\Development\GitHub\assimp\contrib\Open3DGC\o3dgcBinaryStream.h">
      <Filter>open3dgc</Filter>
    </ClInclude>
    <ClInclude Include="C:\Development\GitHub\assimp\contrib\Open3DGC\o3dgcCommon.h">
      <Filter>open3dgc</Filter>
    </ClInclude>
    <ClInclude Include="C:\Development\GitHub\assimp\contrib\Open3DGC\o3dgcDVEncodeParams.h">
      <Filter>open3dgc</Filter>
    </ClInclude>
    <ClInclude Include="C:\Development\GitHub\assimp\contrib\Open3DGC\o3dgcDynamicVectorDecoder.h">
      <Filter>open3dgc</Filter>
    </ClInclude>
    <ClInclude Include="C:\Development\GitHub\assimp\contrib\Open3DGC\o3dgcDynamicVectorEncoder.h">
      <Filter>open3dgc</Filter>
    </ClInclude>
    <ClInclude Include="C:\Development\GitHub\assimp\contrib\Open3DGC\o3dgcDynamicVector.h">
      <Filter>open3dgc</Filter>
    </ClInclude>
    <ClInclude Include="C:\Development\GitHub\assimp\contrib\Open3DGC\o3dgcFIFO.h">
      <Filter>open3dgc</Filter>
    </ClInclude>
    <ClInclude Include="C:\Development\GitHub\assimp\contrib\Open3DGC\o3dgcIndexedFaceSet.h">
      <Filter>open3dgc</Filter>
    </ClInclude>
    <ClInclude Include="C:\Development\GitHub\assimp\contrib\Open3DGC\o3dgcIndexedFaceSet.inl">
      <Filter>open3dgc</Filter>
    </ClInclude>
    <ClInclude Include="C:\Development\GitHub\assimp\contrib\Open3DGC\o3dgcSC3DMCDecoder.h">
      <Filter>open3dgc</Filter>
    </ClInclude>
    <ClInclude Include="C:\Development\GitHub\assimp\contrib\Open3DGC\o3dgcSC3DMCDecoder.inl">
      <Filter>open3dgc</Filter>
    </ClInclude>
    <ClInclude Include="C:\Development\GitHub\assimp\contrib\Open3DGC\o3dgcSC3DMCEncodeParams.h">
      <Filter>open3dgc</Filter>
    </ClInclude>
    <ClInclude Include="C:\Development\GitHub\assimp\contrib\Open3DGC\o3dgcSC3DMCEncoder.h">
      <Filter>open3dgc</Filter>
    </ClInclude>
    <ClInclude Include="C:\Development\GitHub\assimp\contrib\Open3DGC\o3dgcSC3DMCEncoder.inl">
      <Filter>open3dgc</Filter>
    </ClInclude>
    <ClInclude Include="C:\Development\GitHub\assimp\contrib\Open3DGC\o3dgcTimer.h">
      <Filter>open3dgc</Filter>
    </ClInclude>
    <ClInclude Include="C:\Development\GitHub\assimp\contrib\Open3DGC\o3dgcTriangleFans.h">
      <Filter>open3dgc</Filter>
    </ClInclude>
    <ClInclude Include="C:\Development\GitHub\assimp\contrib\Open3DGC\o3dgcTriangleListDecoder.h">
      <Filter>open3dgc</Filter>
    </ClInclude>
    <ClInclude Include="C:\Development\GitHub\assimp\contrib\Open3DGC\o3dgcTriangleListDecoder.inl">
      <Filter>open3dgc</Filter>
    </ClInclude>
    <ClInclude Include="C:\Development\GitHub\assimp\contrib\Open3DGC\o3dgcTriangleListEncoder.h">
      <Filter>open3dgc</Filter>
    </ClInclude>
    <ClInclude Include="C:\Development\GitHub\assimp\contrib\Open3DGC\o3dgcTriangleListEncoder.inl">
      <Filter>open3dgc</Filter>
    </ClInclude>
    <ClInclude Include="C:\Development\GitHub\assimp\contrib\Open3DGC\o3dgcVector.h">
      <Filter>open3dgc</Filter>
    </ClInclude>
    <ClInclude Include="C:\Development\GitHub\assimp\contrib\Open3DGC\o3dgcVector.inl">
      <Filter>open3dgc</Filter>
    </ClInclude>
    <ClInclude Include="C:\Development\GitHub\assimp\contrib\zip\src\miniz.h">
      <Filter>ziplib</Filter>
    </ClInclude>
    <ClInclude Include="C:\Development\GitHub\assimp\contrib\zip\src\zip.h">
      <Filter>ziplib</Filter>
    </ClInclude>
    <ClInclude Include="C:\Development\GitHub\assimp\include\assimp\anim.h">
      <Filter>Header Files</Filter>
    </ClInclude>
    <ClInclude Include="C:\Development\GitHub\assimp\include\assimp\ai_assert.h">
      <Filter>Header Files</Filter>
    </ClInclude>
    <ClInclude Include="C:\Development\GitHub\assimp\include\assimp\camera.h">
      <Filter>Header Files</Filter>
    </ClInclude>
    <ClInclude Include="C:\Development\GitHub\assimp\include\assimp\color4.h">
      <Filter>Header Files</Filter>
    </ClInclude>
    <ClInclude Include="C:\Development\GitHub\assimp\include\assimp\color4.inl">
      <Filter>Header Files</Filter>
    </ClInclude>
    <ClInclude Include="C:\Development\GitHub\assimp\include\assimp\config.h">
      <Filter>Header Files</Filter>
    </ClInclude>
    <ClInclude Include="C:\Development\GitHub\assimp\include\assimp\defs.h">
      <Filter>Header Files</Filter>
    </ClInclude>
    <ClInclude Include="C:\Development\GitHub\assimp\include\assimp\Defines.h">
      <Filter>Header Files</Filter>
    </ClInclude>
    <ClInclude Include="C:\Development\GitHub\assimp\include\assimp\cfileio.h">
      <Filter>Header Files</Filter>
    </ClInclude>
    <ClInclude Include="C:\Development\GitHub\assimp\include\assimp\light.h">
      <Filter>Header Files</Filter>
    </ClInclude>
    <ClInclude Include="C:\Development\GitHub\assimp\include\assimp\material.h">
      <Filter>Header Files</Filter>
    </ClInclude>
    <ClInclude Include="C:\Development\GitHub\assimp\include\assimp\material.inl">
      <Filter>Header Files</Filter>
    </ClInclude>
    <ClInclude Include="C:\Development\GitHub\assimp\include\assimp\matrix3x3.h">
      <Filter>Header Files</Filter>
    </ClInclude>
    <ClInclude Include="C:\Development\GitHub\assimp\include\assimp\matrix3x3.inl">
      <Filter>Header Files</Filter>
    </ClInclude>
    <ClInclude Include="C:\Development\GitHub\assimp\include\assimp\matrix4x4.h">
      <Filter>Header Files</Filter>
    </ClInclude>
    <ClInclude Include="C:\Development\GitHub\assimp\include\assimp\matrix4x4.inl">
      <Filter>Header Files</Filter>
    </ClInclude>
    <ClInclude Include="C:\Development\GitHub\assimp\include\assimp\mesh.h">
      <Filter>Header Files</Filter>
    </ClInclude>
    <ClInclude Include="C:\Development\GitHub\assimp\include\assimp\pbrmaterial.h">
      <Filter>Header Files</Filter>
    </ClInclude>
    <ClInclude Include="C:\Development\GitHub\assimp\include\assimp\postprocess.h">
      <Filter>Header Files</Filter>
    </ClInclude>
    <ClInclude Include="C:\Development\GitHub\assimp\include\assimp\quaternion.h">
      <Filter>Header Files</Filter>
    </ClInclude>
    <ClInclude Include="C:\Development\GitHub\assimp\include\assimp\quaternion.inl">
      <Filter>Header Files</Filter>
    </ClInclude>
    <ClInclude Include="C:\Development\GitHub\assimp\include\assimp\scene.h">
      <Filter>Header Files</Filter>
    </ClInclude>
    <ClInclude Include="C:\Development\GitHub\assimp\include\assimp\metadata.h">
      <Filter>Header Files</Filter>
    </ClInclude>
    <ClInclude Include="C:\Development\GitHub\assimp\include\assimp\texture.h">
      <Filter>Header Files</Filter>
    </ClInclude>
    <ClInclude Include="C:\Development\GitHub\assimp\include\assimp\types.h">
      <Filter>Header Files</Filter>
    </ClInclude>
    <ClInclude Include="C:\Development\GitHub\assimp\include\assimp\vector2.h">
      <Filter>Header Files</Filter>
    </ClInclude>
    <ClInclude Include="C:\Development\GitHub\assimp\include\assimp\vector2.inl">
      <Filter>Header Files</Filter>
    </ClInclude>
    <ClInclude Include="C:\Development\GitHub\assimp\include\assimp\vector3.h">
      <Filter>Header Files</Filter>
    </ClInclude>
    <ClInclude Include="C:\Development\GitHub\assimp\include\assimp\vector3.inl">
      <Filter>Header Files</Filter>
    </ClInclude>
    <ClInclude Include="C:\Development\GitHub\assimp\include\assimp\version.h">
      <Filter>Header Files</Filter>
    </ClInclude>
    <ClInclude Include="C:\Development\GitHub\assimp\include\assimp\cimport.h">
      <Filter>Header Files</Filter>
    </ClInclude>
    <ClInclude Include="C:\Development\GitHub\assimp\include\assimp\importerdesc.h">
      <Filter>Header Files</Filter>
    </ClInclude>
    <ClInclude Include="C:\Development\GitHub\assimp\include\assimp\Importer.hpp">
      <Filter>Header Files</Filter>
    </ClInclude>
    <ClInclude Include="C:\Development\GitHub\assimp\include\assimp\ProgressHandler.hpp">
      <Filter>Header Files</Filter>
    </ClInclude>
    <ClInclude Include="C:\Development\GitHub\assimp\include\assimp\IOStream.hpp">
      <Filter>Header Files</Filter>
    </ClInclude>
    <ClInclude Include="C:\Development\GitHub\assimp\include\assimp\IOSystem.hpp">
      <Filter>Header Files</Filter>
    </ClInclude>
    <ClInclude Include="C:\Development\GitHub\assimp\include\assimp\cexport.h">
      <Filter>Header Files</Filter>
    </ClInclude>
    <ClInclude Include="C:\Development\GitHub\assimp\include\assimp\Exporter.hpp">
      <Filter>Header Files</Filter>
    </ClInclude>
    <ClInclude Include="C:\Development\GitHub\assimp\include\assimp\DefaultIOStream.h">
      <Filter>Header Files</Filter>
    </ClInclude>
    <ClInclude Include="C:\Development\GitHub\assimp\include\assimp\DefaultIOSystem.h">
      <Filter>Header Files</Filter>
    </ClInclude>
    <ClInclude Include="C:\Development\GitHub\assimp\include\assimp\SceneCombiner.h">
      <Filter>Header Files</Filter>
    </ClInclude>
    <ClInclude Include="C:\Development\GitHub\assimp\include\assimp\fast_atof.h">
      <Filter>Header Files</Filter>
    </ClInclude>
    <ClInclude Include="C:\Development\GitHub\assimp\include\assimp\qnan.h">
      <Filter>Header Files</Filter>
    </ClInclude>
    <ClInclude Include="C:\Development\GitHub\assimp\include\assimp\BaseImporter.h">
      <Filter>Header Files</Filter>
    </ClInclude>
    <ClInclude Include="C:\Development\GitHub\assimp\include\assimp\Hash.h">
      <Filter>Header Files</Filter>
    </ClInclude>
    <ClInclude Include="C:\Development\GitHub\assimp\include\assimp\MemoryIOWrapper.h">
      <Filter>Header Files</Filter>
    </ClInclude>
    <ClInclude Include="C:\Development\GitHub\assimp\include\assimp\ParsingUtils.h">
      <Filter>Header Files</Filter>
    </ClInclude>
    <ClInclude Include="C:\Development\GitHub\assimp\include\assimp\StreamReader.h">
      <Filter>Header Files</Filter>
    </ClInclude>
    <ClInclude Include="C:\Development\GitHub\assimp\include\assimp\StreamWriter.h">
      <Filter>Header Files</Filter>
    </ClInclude>
    <ClInclude Include="C:\Development\GitHub\assimp\include\assimp\StringComparison.h">
      <Filter>Header Files</Filter>
    </ClInclude>
    <ClInclude Include="C:\Development\GitHub\assimp\include\assimp\StringUtils.h">
      <Filter>Header Files</Filter>
    </ClInclude>
    <ClInclude Include="C:\Development\GitHub\assimp\include\assimp\SGSpatialSort.h">
      <Filter>Header Files</Filter>
    </ClInclude>
    <ClInclude Include="C:\Development\GitHub\assimp\include\assimp\GenericProperty.h">
      <Filter>Header Files</Filter>
    </ClInclude>
    <ClInclude Include="C:\Development\GitHub\assimp\include\assimp\SpatialSort.h">
      <Filter>Header Files</Filter>
    </ClInclude>
    <ClInclude Include="C:\Development\GitHub\assimp\include\assimp\SkeletonMeshBuilder.h">
      <Filter>Header Files</Filter>
    </ClInclude>
    <ClInclude Include="C:\Development\GitHub\assimp\include\assimp\SmoothingGroups.h">
      <Filter>Header Files</Filter>
    </ClInclude>
    <ClInclude Include="C:\Development\GitHub\assimp\include\assimp\SmoothingGroups.inl">
      <Filter>Header Files</Filter>
    </ClInclude>
    <ClInclude Include="C:\Development\GitHub\assimp\include\assimp\StandardShapes.h">
      <Filter>Header Files</Filter>
    </ClInclude>
    <ClInclude Include="C:\Development\GitHub\assimp\include\assimp\RemoveComments.h">
      <Filter>Header Files</Filter>
    </ClInclude>
    <ClInclude Include="C:\Development\GitHub\assimp\include\assimp\Subdivision.h">
      <Filter>Header Files</Filter>
    </ClInclude>
    <ClInclude Include="C:\Development\GitHub\assimp\include\assimp\Vertex.h">
      <Filter>Header Files</Filter>
    </ClInclude>
    <ClInclude Include="C:\Development\GitHub\assimp\include\assimp\LineSplitter.h">
      <Filter>Header Files</Filter>
    </ClInclude>
    <ClInclude Include="C:\Development\GitHub\assimp\include\assimp\TinyFormatter.h">
      <Filter>Header Files</Filter>
    </ClInclude>
    <ClInclude Include="C:\Development\GitHub\assimp\include\assimp\Profiler.h">
      <Filter>Header Files</Filter>
    </ClInclude>
    <ClInclude Include="C:\Development\GitHub\assimp\include\assimp\LogAux.h">
      <Filter>Header Files</Filter>
    </ClInclude>
    <ClInclude Include="C:\Development\GitHub\assimp\include\assimp\Bitmap.h">
      <Filter>Header Files</Filter>
    </ClInclude>
    <ClInclude Include="C:\Development\GitHub\assimp\include\assimp\XMLTools.h">
      <Filter>Header Files</Filter>
    </ClInclude>
    <ClInclude Include="C:\Development\GitHub\assimp\include\assimp\IOStreamBuffer.h">
      <Filter>Header Files</Filter>
    </ClInclude>
    <ClInclude Include="C:\Development\GitHub\assimp\include\assimp\CreateAnimMesh.h">
      <Filter>Header Files</Filter>
    </ClInclude>
    <ClInclude Include="C:\Development\GitHub\assimp\include\assimp\MathFunctions.h">
      <Filter>Header Files</Filter>
    </ClInclude>
    <ClInclude Include="C:\Development\GitHub\assimp\include\assimp\Macros.h">
      <Filter>Header Files</Filter>
    </ClInclude>
    <ClInclude Include="C:\Development\GitHub\assimp\include\assimp\Exceptional.h">
      <Filter>Header Files</Filter>
    </ClInclude>
    <ClInclude Include="C:\Development\GitHub\assimp\include\assimp\ByteSwapper.h">
      <Filter>Header Files</Filter>
    </ClInclude>
    <ClInclude Include="C:\Development\GitHub\assimp\include\assimp\Compiler\pushpack1.h">
      <Filter>Compiler</Filter>
    </ClInclude>
    <ClInclude Include="C:\Development\GitHub\assimp\include\assimp\Compiler\poppack1.h">
      <Filter>Compiler</Filter>
    </ClInclude>
    <ClInclude Include="C:\Development\GitHub\assimp\include\assimp\Compiler\pstdint.h">
      <Filter>Compiler</Filter>
    </ClInclude>
  </ItemGroup>
  <ItemGroup>
    <CustomBuild Include="C:\Development\GitHub\assimp\code\CMakeLists.txt" />
  </ItemGroup>
  <ItemGroup>
    <Filter Include="COLLADA">
      <UniqueIdentifier>{864421A0-0B12-3144-8CCC-8D6FFFC2FBFD}</UniqueIdentifier>
    </Filter>
    <Filter Include="Clipper">
      <UniqueIdentifier>{386636CF-4FDD-3385-90E4-0D7E1B89BCD3}</UniqueIdentifier>
    </Filter>
    <Filter Include="Common">
      <UniqueIdentifier>{995648C9-AE95-37C6-82B4-60FD6C8E15C5}</UniqueIdentifier>
    </Filter>
    <Filter Include="Compiler">
      <UniqueIdentifier>{885CFD9E-D834-3CD0-BFDB-D728F439289A}</UniqueIdentifier>
    </Filter>
    <Filter Include="Exporter">
      <UniqueIdentifier>{A4A8FBCC-F44F-36D9-BB02-9F36815EF1F6}</UniqueIdentifier>
    </Filter>
    <Filter Include="FBX">
      <UniqueIdentifier>{BB0D235E-1FE3-3E82-90FE-49484CA042F9}</UniqueIdentifier>
    </Filter>
    <Filter Include="GLTF">
      <UniqueIdentifier>{6449D3AC-94BC-3891-9721-BA6B25732B36}</UniqueIdentifier>
    </Filter>
    <Filter Include="Header Files">
      <UniqueIdentifier>{5CD23AC5-BD5B-307D-BB3E-13B5D9FEE00A}</UniqueIdentifier>
    </Filter>
    <Filter Include="IrrXML">
      <UniqueIdentifier>{98623078-CE27-3DAF-A561-6B079FB9169A}</UniqueIdentifier>
    </Filter>
    <Filter Include="Logging">
      <UniqueIdentifier>{6ECEB98B-FA4E-334B-94DB-BEE58D552570}</UniqueIdentifier>
    </Filter>
    <Filter Include="MaterialSystem">
      <UniqueIdentifier>{F784DE92-FEB3-315C-91DE-6D030D02FA5C}</UniqueIdentifier>
    </Filter>
    <Filter Include="OBJ">
      <UniqueIdentifier>{E7039C71-C4F2-378A-86B8-4A69318EB484}</UniqueIdentifier>
    </Filter>
    <Filter Include="PLY">
      <UniqueIdentifier>{5739F22D-B8D3-3286-AF53-D1A89B5E2619}</UniqueIdentifier>
    </Filter>
    <Filter Include="Poly2Tri">
      <UniqueIdentifier>{E95ED5DF-61AE-3D02-AFC3-054D8AF6F3B3}</UniqueIdentifier>
    </Filter>
    <Filter Include="PostProcessing">
      <UniqueIdentifier>{21A3E488-81E3-3A80-9ED2-2672E71E0780}</UniqueIdentifier>
    </Filter>
    <Filter Include="Source Files">
      <UniqueIdentifier>{6B1AB035-6F86-3148-BF7B-2C8E76EC05C6}</UniqueIdentifier>
    </Filter>
    <Filter Include="Step">
      <UniqueIdentifier>{E64C61E9-4CEA-368B-A0B1-96943971CE29}</UniqueIdentifier>
    </Filter>
    <Filter Include="open3dgc">
      <UniqueIdentifier>{A2DC0DD6-E23F-365C-B461-87DB53FE05CA}</UniqueIdentifier>
    </Filter>
    <Filter Include="openddl_parser">
      <UniqueIdentifier>{71D3C53C-A2BE-3DA3-A6EF-FBD5ABB13D63}</UniqueIdentifier>
    </Filter>
    <Filter Include="unzip">
      <UniqueIdentifier>{EABF9CFF-F37E-3B42-AF27-1FC967E1B852}</UniqueIdentifier>
    </Filter>
    <Filter Include="ziplib">
      <UniqueIdentifier>{C748025F-6262-3F49-BDD7-516C3AF8AB75}</UniqueIdentifier>
    </Filter>
  </ItemGroup>
</Project>
