Microsoft Visual Studio Solution File, Format Version 12.00
# Visual Studio 15
Project("{8BC9CEB8-8B4A-11D0-8D11-00A0C91BC942}") = "ALL_BUILD", "ALL_BUILD.vcxproj", "{8D893A90-DFBC-370F-932C-2849EE08E2BD}"
	ProjectSection(ProjectDependencies) = postProject
		{7332673C-6169-3793-A033-BA4574237230} = {7332673C-6169-3793-A033-BA4574237230}
		{37F3CCB1-ADC3-36B9-AD50-26D1BDE547CB} = {37F3CCB1-ADC3-36B9-AD50-26D1BDE547CB}
		{D30CE743-180F-3095-94FB-B8D2A75CBF44} = {D30CE743-180F-3095-94FB-B8D2A75CBF44}
	EndProjectSection
EndProject
Project("{8BC9CEB8-8B4A-11D0-8D11-00A0C91BC942}") = "INSTALL", "INSTALL.vcxproj", "{FA7F3304-D13C-3FFB-A139-B04B659CE61F}"
	ProjectSection(ProjectDependencies) = postProject
		{8D893A90-DFBC-370F-932C-2849EE08E2BD} = {8D893A90-DFBC-370F-932C-2849EE08E2BD}
		{7332673C-6169-3793-A033-BA4574237230} = {7332673C-6169-3793-A033-BA4574237230}
	EndProjectSection
EndProject
Project("{8BC9CEB8-8B4A-11D0-8D11-00A0C91BC942}") = "ZERO_CHECK", "..\..\\ZERO_CHECK.vcxproj", "{7332673C-6169-3793-A033-BA4574237230}"
	ProjectSection(ProjectDependencies) = postProject
	EndProjectSection
EndProject
Project("{8BC9CEB8-8B4A-11D0-8D11-00A0C91BC942}") = "zlib", "zlib.vcxproj", "{37F3CCB1-ADC3-36B9-AD50-26D1BDE547CB}"
	ProjectSection(ProjectDependencies) = postProject
		{7332673C-6169-3793-A033-BA4574237230} = {7332673C-6169-3793-A033-BA4574237230}
	EndProjectSection
EndProject
Project("{8BC9CEB8-8B4A-11D0-8D11-00A0C91BC942}") = "zlibstatic", "zlibstatic.vcxproj", "{D30CE743-180F-3095-94FB-B8D2A75CBF44}"
	ProjectSection(ProjectDependencies) = postProject
		{7332673C-6169-3793-A033-BA4574237230} = {7332673C-6169-3793-A033-BA4574237230}
	EndProjectSection
EndProject
Global
	GlobalSection(SolutionConfigurationPlatforms) = preSolution
		Debug|x64 = Debug|x64
		Release|x64 = Release|x64
		MinSizeRel|x64 = MinSizeRel|x64
		RelWithDebInfo|x64 = RelWithDebInfo|x64
	EndGlobalSection
	GlobalSection(ProjectConfigurationPlatforms) = postSolution
		{8D893A90-DFBC-370F-932C-2849EE08E2BD}.Debug|x64.ActiveCfg = Debug|x64
		{8D893A90-DFBC-370F-932C-2849EE08E2BD}.Debug|x64.Build.0 = Debug|x64
		{8D893A90-DFBC-370F-932C-2849EE08E2BD}.Release|x64.ActiveCfg = Release|x64
		{8D893A90-DFBC-370F-932C-2849EE08E2BD}.Release|x64.Build.0 = Release|x64
		{8D893A90-DFBC-370F-932C-2849EE08E2BD}.MinSizeRel|x64.ActiveCfg = MinSizeRel|x64
		{8D893A90-DFBC-370F-932C-2849EE08E2BD}.MinSizeRel|x64.Build.0 = MinSizeRel|x64
		{8D893A90-DFBC-370F-932C-2849EE08E2BD}.RelWithDebInfo|x64.ActiveCfg = RelWithDebInfo|x64
		{8D893A90-DFBC-370F-932C-2849EE08E2BD}.RelWithDebInfo|x64.Build.0 = RelWithDebInfo|x64
		{FA7F3304-D13C-3FFB-A139-B04B659CE61F}.Debug|x64.ActiveCfg = Debug|x64
		{FA7F3304-D13C-3FFB-A139-B04B659CE61F}.Release|x64.ActiveCfg = Release|x64
		{FA7F3304-D13C-3FFB-A139-B04B659CE61F}.MinSizeRel|x64.ActiveCfg = MinSizeRel|x64
		{FA7F3304-D13C-3FFB-A139-B04B659CE61F}.RelWithDebInfo|x64.ActiveCfg = RelWithDebInfo|x64
		{7332673C-6169-3793-A033-BA4574237230}.Debug|x64.ActiveCfg = Debug|x64
		{7332673C-6169-3793-A033-BA4574237230}.Debug|x64.Build.0 = Debug|x64
		{7332673C-6169-3793-A033-BA4574237230}.Release|x64.ActiveCfg = Release|x64
		{7332673C-6169-3793-A033-BA4574237230}.Release|x64.Build.0 = Release|x64
		{7332673C-6169-3793-A033-BA4574237230}.MinSizeRel|x64.ActiveCfg = MinSizeRel|x64
		{7332673C-6169-3793-A033-BA4574237230}.MinSizeRel|x64.Build.0 = MinSizeRel|x64
		{7332673C-6169-3793-A033-BA4574237230}.RelWithDebInfo|x64.ActiveCfg = RelWithDebInfo|x64
		{7332673C-6169-3793-A033-BA4574237230}.RelWithDebInfo|x64.Build.0 = RelWithDebInfo|x64
		{37F3CCB1-ADC3-36B9-AD50-26D1BDE547CB}.Debug|x64.ActiveCfg = Debug|x64
		{37F3CCB1-ADC3-36B9-AD50-26D1BDE547CB}.Debug|x64.Build.0 = Debug|x64
		{37F3CCB1-ADC3-36B9-AD50-26D1BDE547CB}.Release|x64.ActiveCfg = Release|x64
		{37F3CCB1-ADC3-36B9-AD50-26D1BDE547CB}.Release|x64.Build.0 = Release|x64
		{37F3CCB1-ADC3-36B9-AD50-26D1BDE547CB}.MinSizeRel|x64.ActiveCfg = MinSizeRel|x64
		{37F3CCB1-ADC3-36B9-AD50-26D1BDE547CB}.MinSizeRel|x64.Build.0 = MinSizeRel|x64
		{37F3CCB1-ADC3-36B9-AD50-26D1BDE547CB}.RelWithDebInfo|x64.ActiveCfg = RelWithDebInfo|x64
		{37F3CCB1-ADC3-36B9-AD50-26D1BDE547CB}.RelWithDebInfo|x64.Build.0 = RelWithDebInfo|x64
		{D30CE743-180F-3095-94FB-B8D2A75CBF44}.Debug|x64.ActiveCfg = Debug|x64
		{D30CE743-180F-3095-94FB-B8D2A75CBF44}.Debug|x64.Build.0 = Debug|x64
		{D30CE743-180F-3095-94FB-B8D2A75CBF44}.Release|x64.ActiveCfg = Release|x64
		{D30CE743-180F-3095-94FB-B8D2A75CBF44}.Release|x64.Build.0 = Release|x64
		{D30CE743-180F-3095-94FB-B8D2A75CBF44}.MinSizeRel|x64.ActiveCfg = MinSizeRel|x64
		{D30CE743-180F-3095-94FB-B8D2A75CBF44}.MinSizeRel|x64.Build.0 = MinSizeRel|x64
		{D30CE743-180F-3095-94FB-B8D2A75CBF44}.RelWithDebInfo|x64.ActiveCfg = RelWithDebInfo|x64
		{D30CE743-180F-3095-94FB-B8D2A75CBF44}.RelWithDebInfo|x64.Build.0 = RelWithDebInfo|x64
	EndGlobalSection
	GlobalSection(ExtensibilityGlobals) = postSolution
		SolutionGuid = {9C8C2454-AA7F-3DF8-AF87-1CE0F0E74280}
	EndGlobalSection
	GlobalSection(ExtensibilityAddIns) = postSolution
	EndGlobalSection
EndGlobal
